
Microsoft Visual Studio Solution File, Format Version 12.00
# Visual Studio 15
VisualStudioVersion = 15.0.28307.329
MinimumVisualStudioVersion = 10.0.40219.1
Project("{888888A0-9F3D-457C-B088-3A5042F75D52}") = "DjangoWebProject1", "DjangoWebProject1\DjangoWebProject1.pyproj", "{A91FFA07-5FEE-43CA-B418-7183E7D0DDA7}"
EndProject
Global
	GlobalSection(SolutionConfigurationPlatforms) = preSolution
		Debug|Any CPU = Debug|Any CPU
		Release|Any CPU = Release|Any CPU
	EndGlobalSection
	GlobalSection(ProjectConfigurationPlatforms) = postSolution
		{A91FFA07-5FEE-43CA-B418-7183E7D0DDA7}.Debug|Any CPU.ActiveCfg = Debug|Any CPU
		{A91FFA07-5FEE-43CA-B418-7183E7D0DDA7}.Debug|Any CPU.Build.0 = Debug|Any CPU
		{A91FFA07-5FEE-43CA-B418-7183E7D0DDA7}.Release|Any CPU.ActiveCfg = Release|Any CPU
		{A91FFA07-5FEE-43CA-B418-7183E7D0DDA7}.Release|Any CPU.Build.0 = Release|Any CPU
	EndGlobalSection
	GlobalSection(SolutionProperties) = preSolution
		HideSolutionNode = FALSE
	EndGlobalSection
	GlobalSection(ExtensibilityGlobals) = postSolution
		SolutionGuid = {0A5FC4EF-203C-4F17-87F0-1143876E8372}
	EndGlobalSection
EndGlobal
