
Microsoft Visual Studio Solution File, Format Version 12.00
# Visual Studio 15
VisualStudioVersion = 15.0.28307.329
MinimumVisualStudioVersion = 10.0.40219.1
Project("{888888A0-9F3D-457C-B088-3A5042F75D52}") = "SQLConnection1", "SQLConnection1\SQLConnection1.pyproj", "{BED8B3A3-80FB-4D12-BD38-325E99088BB5}"
EndProject
Global
	GlobalSection(SolutionConfigurationPlatforms) = preSolution
		Debug|Any CPU = Debug|Any CPU
		Release|Any CPU = Release|Any CPU
	EndGlobalSection
	GlobalSection(ProjectConfigurationPlatforms) = postSolution
		{BED8B3A3-80FB-4D12-BD38-325E99088BB5}.Debug|Any CPU.ActiveCfg = Debug|Any CPU
		{BED8B3A3-80FB-4D12-BD38-325E99088BB5}.Debug|Any CPU.Build.0 = Debug|Any CPU
		{BED8B3A3-80FB-4D12-BD38-325E99088BB5}.Release|Any CPU.ActiveCfg = Release|Any CPU
		{BED8B3A3-80FB-4D12-BD38-325E99088BB5}.Release|Any CPU.Build.0 = Release|Any CPU
	EndGlobalSection
	GlobalSection(SolutionProperties) = preSolution
		HideSolutionNode = FALSE
	EndGlobalSection
	GlobalSection(ExtensibilityGlobals) = postSolution
		SolutionGuid = {6D127D61-0CE2-487E-B296-A462309C6ABF}
	EndGlobalSection
EndGlobal
